// !$*UTF8*$!
{
	archiveVersion = 1;
	classes = {
	};
	objectVersion = 48;
	objects = {

/* Begin PBXBuildFile section */
		38DAE4121F81DB620090C532 /* AppDelegate.m in Sources */ = {isa = PBXBuildFile; fileRef = 38DAE4111F81DB620090C532 /* AppDelegate.m */; };
		38DAE4151F81DB620090C532 /* ViewController.m in Sources */ = {isa = PBXBuildFile; fileRef = 38DAE4141F81DB620090C532 /* ViewController.m */; };
		38DAE4181F81DB620090C532 /* Main.storyboard in Resources */ = {isa = PBXBuildFile; fileRef = 38DAE4161F81DB620090C532 /* Main.storyboard */; };
		38DAE41A1F81DB620090C532 /* Assets.xcassets in Resources */ = {isa = PBXBuildFile; fileRef = 38DAE4191F81DB620090C532 /* Assets.xcassets */; };
		38DAE41D1F81DB620090C532 /* LaunchScreen.storyboard in Resources */ = {isa = PBXBuildFile; fileRef = 38DAE41B1F81DB620090C532 /* LaunchScreen.storyboard */; };
		38DAE4201F81DB620090C532 /* main.m in Sources */ = {isa = PBXBuildFile; fileRef = 38DAE41F1F81DB620090C532 /* main.m */; };
		38DAE4281F81EC8B0090C532 /* RegisterViewController.m in Sources */ = {isa = PBXBuildFile; fileRef = 38DAE4271F81EC8B0090C532 /* RegisterViewController.m */; };
/* End PBXBuildFile section */

/* Begin PBXFileReference section */
		38DAE40D1F81DB620090C532 /* Chapter8-1-2.app */ = {isa = PBXFileReference; explicitFileType = wrapper.application; includeInIndex = 0; path = "Chapter8-1-2.app"; sourceTree = BUILT_PRODUCTS_DIR; };
		38DAE4101F81DB620090C532 /* AppDelegate.h */ = {isa = PBXFileReference; lastKnownFileType = sourcecode.c.h; path = AppDelegate.h; sourceTree = "<group>"; };
		38DAE4111F81DB620090C532 /* AppDelegate.m */ = {isa = PBXFileReference; lastKnownFileType = sourcecode.c.objc; path = AppDelegate.m; sourceTree = "<group>"; };
		38DAE4131F81DB620090C532 /* ViewController.h */ = {isa = PBXFileReference; lastKnownFileType = sourcecode.c.h; path = ViewController.h; sourceTree = "<group>"; };
		38DAE4141F81DB620090C532 /* ViewController.m */ = {isa = PBXFileReference; lastKnownFileType = sourcecode.c.objc; path = ViewController.m; sourceTree = "<group>"; };
		38DAE4171F81DB620090C532 /* Base */ = {isa = PBXFileReference; lastKnownFileType = file.storyboard; name = Base; path = Base.lproj/Main.storyboard; sourceTree = "<group>"; };
		38DAE4191F81DB620090C532 /* Assets.xcassets */ = {isa = PBXFileReference; lastKnownFileType = folder.assetcatalog; path = Assets.xcassets; sourceTree = "<group>"; };
		38DAE41C1F81DB620090C532 /* Base */ = {isa = PBXFileReference; lastKnownFileType = file.storyboard; name = Base; path = Base.lproj/LaunchScreen.storyboard; sourceTree = "<group>"; };
		38DAE41E1F81DB620090C532 /* Info.plist */ = {isa = PBXFileReference; lastKnownFileType = text.plist.xml; path = Info.plist; sourceTree = "<group>"; };
		38DAE41F1F81DB620090C532 /* main.m */ = {isa = PBXFileReference; lastKnownFileType = sourcecode.c.objc; path = main.m; sourceTree = "<group>"; };
		38DAE4261F81EC8B0090C532 /* RegisterViewController.h */ = {isa = PBXFileReference; lastKnownFileType = sourcecode.c.h; path = RegisterViewController.h; sourceTree = "<group>"; };
		38DAE4271F81EC8B0090C532 /* RegisterViewController.m */ = {isa = PBXFileReference; lastKnownFileType = sourcecode.c.objc; path = RegisterViewController.m; sourceTree = "<group>"; };
/* End PBXFileReference section */

/* Begin PBXFrameworksBuildPhase section */
		38DAE40A1F81DB620090C532 /* Frameworks */ = {
			isa = PBXFrameworksBuildPhase;
			buildActionMask = 2147483647;
			files = (
			);
			runOnlyForDeploymentPostprocessing = 0;
		};
/* End PBXFrameworksBuildPhase section */

/* Begin PBXGroup section */
		38DAE4041F81DB620090C532 = {
			isa = PBXGroup;
			children = (
				38DAE40F1F81DB620090C532 /* Chapter8-1-2 */,
				38DAE40E1F81DB620090C532 /* Products */,
			);
			sourceTree = "<group>";
		};
		38DAE40E1F81DB620090C532 /* Products */ = {
			isa = PBXGroup;
			children = (
				38DAE40D1F81DB620090C532 /* Chapter8-1-2.app */,
			);
			name = Products;
			sourceTree = "<group>";
		};
		38DAE40F1F81DB620090C532 /* Chapter8-1-2 */ = {
			isa = PBXGroup;
			children = (
				38DAE4101F81DB620090C532 /* AppDelegate.h */,
				38DAE4111F81DB620090C532 /* AppDelegate.m */,
				38DAE4131F81DB620090C532 /* ViewController.h */,
				38DAE4141F81DB620090C532 /* ViewController.m */,
				38DAE4161F81DB620090C532 /* Main.storyboard */,
				38DAE4261F81EC8B0090C532 /* RegisterViewController.h */,
				38DAE4271F81EC8B0090C532 /* RegisterViewController.m */,
				38DAE4191F81DB620090C532 /* Assets.xcassets */,
				38DAE41B1F81DB620090C532 /* LaunchScreen.storyboard */,
				38DAE41E1F81DB620090C532 /* Info.plist */,
				38DAE41F1F81DB620090C532 /* main.m */,
			);
			path = "Chapter8-1-2";
			sourceTree = "<group>";
		};
/* End PBXGroup section */

/* Begin PBXNativeTarget section */
		38DAE40C1F81DB620090C532 /* Chapter8-1-2 */ = {
			isa = PBXNativeTarget;
			buildConfigurationList = 38DAE4231F81DB620090C532 /* Build configuration list for PBXNativeTarget "Chapter8-1-2" */;
			buildPhases = (
				38DAE4091F81DB620090C532 /* Sources */,
				38DAE40A1F81DB620090C532 /* Frameworks */,
				38DAE40B1F81DB620090C532 /* Resources */,
			);
			buildRules = (
			);
			dependencies = (
			);
			name = "Chapter8-1-2";
			productName = "Chapter8-1-2";
			productReference = 38DAE40D1F81DB620090C532 /* Chapter8-1-2.app */;
			productType = "com.apple.product-type.application";
		};
/* End PBXNativeTarget section */

/* Begin PBXProject section */
		38DAE4051F81DB620090C532 /* Project object */ = {
			isa = PBXProject;
			attributes = {
				LastUpgradeCheck = 0900;
				ORGANIZATIONNAME = ni;
				TargetAttributes = {
					38DAE40C1F81DB620090C532 = {
						CreatedOnToolsVersion = 9.0;
						ProvisioningStyle = Automatic;
					};
				};
			};
			buildConfigurationList = 38DAE4081F81DB620090C532 /* Build configuration list for PBXProject "Chapter8-1-2" */;
			compatibilityVersion = "Xcode 8.0";
			developmentRegion = en;
			hasScannedForEncodings = 0;
			knownRegions = (
				en,
				Base,
			);
			mainGroup = 38DAE4041F81DB620090C532;
			productRefGroup = 38DAE40E1F81DB620090C532 /* Products */;
			projectDirPath = "";
			projectRoot = "";
			targets = (
				38DAE40C1F81DB620090C532 /* Chapter8-1-2 */,
			);
		};
/* End PBXProject section */

/* Begin PBXResourcesBuildPhase section */
		38DAE40B1F81DB620090C532 /* Resources */ = {
			isa = PBXResourcesBuildPhase;
			buildActionMask = 2147483647;
			files = (
				38DAE41D1F81DB620090C532 /* LaunchScreen.storyboard in Resources */,
				38DAE41A1F81DB620090C532 /* Assets.xcassets in Resources */,
				38DAE4181F81DB620090C532 /* Main.storyboard in Resources */,
			);
			runOnlyForDeploymentPostprocessing = 0;
		};
/* End PBXResourcesBuildPhase section */

/* Begin PBXSourcesBuildPhase section */
		38DAE4091F81DB620090C532 /* Sources */ = {
			isa = PBXSourcesBuildPhase;
			buildActionMask = 2147483647;
			files = (
				38DAE4151F81DB620090C532 /* ViewController.m in Sources */,
				38DAE4201F81DB620090C532 /* main.m in Sources */,
				38DAE4121F81DB620090C532 /* AppDelegate.m in Sources */,
				38DAE4281F81EC8B0090C532 /* RegisterViewController.m in Sources */,
			);
			runOnlyForDeploymentPostprocessing = 0;
		};
/* End PBXSourcesBuildPhase section */

/* Begin PBXVariantGroup section */
		38DAE4161F81DB620090C532 /* Main.storyboard */ = {
			isa = PBXVariantGroup;
			children = (
				38DAE4171F81DB620090C532 /* Base */,
			);
			name = Main.storyboard;
			sourceTree = "<group>";
		};
		38DAE41B1F81DB620090C532 /* LaunchScreen.storyboard */ = {
			isa = PBXVariantGroup;
			children = (
				38DAE41C1F81DB620090C532 /* Base */,
			);
			name = LaunchScreen.storyboard;
			sourceTree = "<group>";
		};
/* End PBXVariantGroup section */

/* Begin XCBuildConfiguration section */
		38DAE4211F81DB620090C532 /* Debug */ = {
			isa = XCBuildConfiguration;
			buildSettings = {
				ALWAYS_SEARCH_USER_PATHS = NO;
				CLANG_ANALYZER_NONNULL = YES;
				CLANG_ANALYZER_NUMBER_OBJECT_CONVERSION = YES_AGGRESSIVE;
				CLANG_CXX_LANGUAGE_STANDARD = "gnu++14";
				CLANG_CXX_LIBRARY = "libc++";
				CLANG_ENABLE_MODULES = YES;
				CLANG_ENABLE_OBJC_ARC = YES;
				CLANG_WARN_BLOCK_CAPTURE_AUTORELEASING = YES;
				CLANG_WARN_BOOL_CONVERSION = YES;
				CLANG_WARN_COMMA = YES;
				CLANG_WARN_CONSTANT_CONVERSION = YES;
				CLANG_WARN_DIRECT_OBJC_ISA_USAGE = YES_ERROR;
				CLANG_WARN_DOCUMENTATION_COMMENTS = YES;
				CLANG_WARN_EMPTY_BODY = YES;
				CLANG_WARN_ENUM_CONVERSION = YES;
				CLANG_WARN_INFINITE_RECURSION = YES;
				CLANG_WARN_INT_CONVERSION = YES;
				CLANG_WARN_NON_LITERAL_NULL_CONVERSION = YES;
				CLANG_WARN_OBJC_LITERAL_CONVERSION = YES;
				CLANG_WARN_OBJC_ROOT_CLASS = YES_ERROR;
				CLANG_WARN_RANGE_LOOP_ANALYSIS = YES;
				CLANG_WARN_STRICT_PROTOTYPES = YES;
				CLANG_WARN_SUSPICIOUS_MOVE = YES;
				CLANG_WARN_UNGUARDED_AVAILABILITY = YES_AGGRESSIVE;
				CLANG_WARN_UNREACHABLE_CODE = YES;
				CLANG_WARN__DUPLICATE_METHOD_MATCH = YES;
				CODE_SIGN_IDENTITY = "iPhone Developer";
				COPY_PHASE_STRIP = NO;
				DEBUG_INFORMATION_FORMAT = dwarf;
				ENABLE_STRICT_OBJC_MSGSEND = YES;
				ENABLE_TESTABILITY = YES;
				GCC_C_LANGUAGE_STANDARD = gnu11;
				GCC_DYNAMIC_NO_PIC = NO;
				GCC_NO_COMMON_BLOCKS = YES;
				GCC_OPTIMIZATION_LEVEL = 0;
				GCC_PREPROCESSOR_DEFINITIONS = (
					"DEBUG=1",
					"$(inherited)",
				);
				GCC_WARN_64_TO_32_BIT_CONVERSION = YES;
				GCC_WARN_ABOUT_RETURN_TYPE = YES_ERROR;
				GCC_WARN_UNDECLARED_SELECTOR = YES;
				GCC_WARN_UNINITIALIZED_AUTOS = YES_AGGRESSIVE;
				GCC_WARN_UNUSED_FUNCTION = YES;
				GCC_WARN_UNUSED_VARIABLE = YES;
				IPHONEOS_DEPLOYMENT_TARGET = 11.0;
				MTL_ENABLE_DEBUG_INFO = YES;
				ONLY_ACTIVE_ARCH = YES;
				SDKROOT = iphoneos;
			};
			name = Debug;
		};
		38DAE4221F81DB620090C532 /* Release */ = {
			isa = XCBuildConfiguration;
			buildSettings = {
				ALWAYS_SEARCH_USER_PATHS = NO;
				CLANG_ANALYZER_NONNULL = YES;
				CLANG_ANALYZER_NUMBER_OBJECT_CONVERSION = YES_AGGRESSIVE;
				CLANG_CXX_LANGUAGE_STANDARD = "gnu++14";
				CLANG_CXX_LIBRARY = "libc++";
				CLANG_ENABLE_MODULES = YES;
				CLANG_ENABLE_OBJC_ARC = YES;
				CLANG_WARN_BLOCK_CAPTURE_AUTORELEASING = YES;
				CLANG_WARN_BOOL_CONVERSION = YES;
				CLANG_WARN_COMMA = YES;
				CLANG_WARN_CONSTANT_CONVERSION = YES;
				CLANG_WARN_DIRECT_OBJC_ISA_USAGE = YES_ERROR;
				CLANG_WARN_DOCUMENTATION_COMMENTS = YES;
				CLANG_WARN_EMPTY_BODY = YES;
				CLANG_WARN_ENUM_CONVERSION = YES;
				CLANG_WARN_INFINITE_RECURSION = YES;
				CLANG_WARN_INT_CONVERSION = YES;
				CLANG_WARN_NON_LITERAL_NULL_CONVERSION = YES;
				CLANG_WARN_OBJC_LITERAL_CONVERSION = YES;
				CLANG_WARN_OBJC_ROOT_CLASS = YES_ERROR;
				CLANG_WARN_RANGE_LOOP_ANALYSIS = YES;
				CLANG_WARN_STRICT_PROTOTYPES = YES;
				CLANG_WARN_SUSPICIOUS_MOVE = YES;
				CLANG_WARN_UNGUARDED_AVAILABILITY = YES_AGGRESSIVE;
				CLANG_WARN_UNREACHABLE_CODE = YES;
				CLANG_WARN__DUPLICATE_METHOD_MATCH = YES;
				CODE_SIGN_IDENTITY = "iPhone Developer";
				COPY_PHASE_STRIP = NO;
				DEBUG_INFORMATION_FORMAT = "dwarf-with-dsym";
				ENABLE_NS_ASSERTIONS = NO;
				ENABLE_STRICT_OBJC_MSGSEND = YES;
				GCC_C_LANGUAGE_STANDARD = gnu11;
				GCC_NO_COMMON_BLOCKS = YES;
				GCC_WARN_64_TO_32_BIT_CONVERSION = YES;
				GCC_WARN_ABOUT_RETURN_TYPE = YES_ERROR;
				GCC_WARN_UNDECLARED_SELECTOR = YES;
				GCC_WARN_UNINITIALIZED_AUTOS = YES_AGGRESSIVE;
				GCC_WARN_UNUSED_FUNCTION = YES;
				GCC_WARN_UNUSED_VARIABLE = YES;
				IPHONEOS_DEPLOYMENT_TARGET = 11.0;
				MTL_ENABLE_DEBUG_INFO = NO;
				SDKROOT = iphoneos;
				VALIDATE_PRODUCT = YES;
			};
			name = Release;
		};
		38DAE4241F81DB620090C532 /* Debug */ = {
			isa = XCBuildConfiguration;
			buildSettings = {
				ASSETCATALOG_COMPILER_APPICON_NAME = AppIcon;
				CODE_SIGN_STYLE = Automatic;
				DEVELOPMENT_TEAM = DGPZW3467Y;
				INFOPLIST_FILE = "Chapter8-1-2/Info.plist";
				LD_RUNPATH_SEARCH_PATHS = "$(inherited) @executable_path/Frameworks";
				PRODUCT_BUNDLE_IDENTIFIER = "com.ni.Chapter8-1-2";
				PRODUCT_NAME = "$(TARGET_NAME)";
				TARGETED_DEVICE_FAMILY = "1,2";
			};
			name = Debug;
		};
		38DAE4251F81DB620090C532 /* Release */ = {
			isa = XCBuildConfiguration;
			buildSettings = {
				ASSETCATALOG_COMPILER_APPICON_NAME = AppIcon;
				CODE_SIGN_STYLE = Automatic;
				DEVELOPMENT_TEAM = DGPZW3467Y;
				INFOPLIST_FILE = "Chapter8-1-2/Info.plist";
				LD_RUNPATH_SEARCH_PATHS = "$(inherited) @executable_path/Frameworks";
				PRODUCT_BUNDLE_IDENTIFIER = "com.ni.Chapter8-1-2";
				PRODUCT_NAME = "$(TARGET_NAME)";
				TARGETED_DEVICE_FAMILY = "1,2";
			};
			name = Release;
		};
/* End XCBuildConfiguration section */

/* Begin XCConfigurationList section */
		38DAE4081F81DB620090C532 /* Build configuration list for PBXProject "Chapter8-1-2" */ = {
			isa = XCConfigurationList;
			buildConfigurations = (
				38DAE4211F81DB620090C532 /* Debug */,
				38DAE4221F81DB620090C532 /* Release */,
			);
			defaultConfigurationIsVisible = 0;
			defaultConfigurationName = Release;
		};
		38DAE4231F81DB620090C532 /* Build configuration list for PBXNativeTarget "Chapter8-1-2" */ = {
			isa = XCConfigurationList;
			buildConfigurations = (
				38DAE4241F81DB620090C532 /* Debug */,
				38DAE4251F81DB620090C532 /* Release */,
			);
			defaultConfigurationIsVisible = 0;
			defaultConfigurationName = Release;
		};
/* End XCConfigurationList section */
	};
	rootObject = 38DAE4051F81DB620090C532 /* Project object */;
}
